
Microsoft Visual Studio Solution File, Format Version 12.00
# Visual Studio 2015
Project("{FAE04EC0-301F-11D3-BF4B-00C04F79EFBC}") = "ProjectWax.Plugins", "ProjectWax.Plugins.csproj", "{0D808DFE-F32A-060A-2B30-67FCDBE219A1}"
EndProject
Project("{FAE04EC0-301F-11D3-BF4B-00C04F79EFBC}") = "ProjectWax", "ProjectWax.csproj", "{A94E41A7-35C2-3538-CE68-8F6CC594113A}"
EndProject
Project("{FAE04EC0-301F-11D3-BF4B-00C04F79EFBC}") = "ProjectWax.Editor", "ProjectWax.Editor.csproj", "{8D8FD95B-EE25-365D-6279-603E7D9C1157}"
EndProject
Global
	GlobalSection(SolutionConfigurationPlatforms) = preSolution
		Debug|Any CPU = Debug|Any CPU
		Release|Any CPU = Release|Any CPU
	EndGlobalSection
	GlobalSection(ProjectConfigurationPlatforms) = postSolution
		{0D808DFE-F32A-060A-2B30-67FCDBE219A1}.Debug|Any CPU.ActiveCfg = Debug|Any CPU
		{0D808DFE-F32A-060A-2B30-67FCDBE219A1}.Debug|Any CPU.Build.0 = Debug|Any CPU
		{0D808DFE-F32A-060A-2B30-67FCDBE219A1}.Release|Any CPU.ActiveCfg = Release|Any CPU
		{0D808DFE-F32A-060A-2B30-67FCDBE219A1}.Release|Any CPU.Build.0 = Release|Any CPU
		{A94E41A7-35C2-3538-CE68-8F6CC594113A}.Debug|Any CPU.ActiveCfg = Debug|Any CPU
		{A94E41A7-35C2-3538-CE68-8F6CC594113A}.Debug|Any CPU.Build.0 = Debug|Any CPU
		{A94E41A7-35C2-3538-CE68-8F6CC594113A}.Release|Any CPU.ActiveCfg = Release|Any CPU
		{A94E41A7-35C2-3538-CE68-8F6CC594113A}.Release|Any CPU.Build.0 = Release|Any CPU
		{8D8FD95B-EE25-365D-6279-603E7D9C1157}.Debug|Any CPU.ActiveCfg = Debug|Any CPU
		{8D8FD95B-EE25-365D-6279-603E7D9C1157}.Debug|Any CPU.Build.0 = Debug|Any CPU
		{8D8FD95B-EE25-365D-6279-603E7D9C1157}.Release|Any CPU.ActiveCfg = Release|Any CPU
		{8D8FD95B-EE25-365D-6279-603E7D9C1157}.Release|Any CPU.Build.0 = Release|Any CPU
	EndGlobalSection
	GlobalSection(SolutionProperties) = preSolution
		HideSolutionNode = FALSE
	EndGlobalSection
EndGlobal
